// !$*UTF8*$!
{
	archiveVersion = 1;
	classes = {
	};
	objectVersion = 55;
	objects = {

/* Begin PBXBuildFile section */
		18A587202934D3C900D23CFC /* OnBoardingViewController.swift in Sources */ = {isa = PBXBuildFile; fileRef = 18A5871E2934D3C900D23CFC /* OnBoardingViewController.swift */; };
		18A587212934D3C900D23CFC /* OnBoardingViewController.xib in Resources */ = {isa = PBXBuildFile; fileRef = 18A5871F2934D3C900D23CFC /* OnBoardingViewController.xib */; };
		18A5872C2934D6AB00D23CFC /* UIView.swift in Sources */ = {isa = PBXBuildFile; fileRef = 18A587242934D6AB00D23CFC /* UIView.swift */; };
		18A5872D2934D6AB00D23CFC /* DataManager.swift in Sources */ = {isa = PBXBuildFile; fileRef = 18A587252934D6AB00D23CFC /* DataManager.swift */; };
		18A5872E2934D6AB00D23CFC /* Global.swift in Sources */ = {isa = PBXBuildFile; fileRef = 18A587262934D6AB00D23CFC /* Global.swift */; };
		18A5872F2934D6AB00D23CFC /* BaseViewController.swift in Sources */ = {isa = PBXBuildFile; fileRef = 18A587272934D6AB00D23CFC /* BaseViewController.swift */; };
		18A587302934D6AB00D23CFC /* HelperForCoreData.swift in Sources */ = {isa = PBXBuildFile; fileRef = 18A587282934D6AB00D23CFC /* HelperForCoreData.swift */; };
		18A587312934D6AB00D23CFC /* Utility.swift in Sources */ = {isa = PBXBuildFile; fileRef = 18A587292934D6AB00D23CFC /* Utility.swift */; };
		18A587322934D6AB00D23CFC /* ImagePickerVC.swift in Sources */ = {isa = PBXBuildFile; fileRef = 18A5872A2934D6AB00D23CFC /* ImagePickerVC.swift */; };
		18A587332934D6AB00D23CFC /* Coordinator.swift in Sources */ = {isa = PBXBuildFile; fileRef = 18A5872B2934D6AB00D23CFC /* Coordinator.swift */; };
		18D8A03D292D6B7400C89F7F /* AppDelegate.swift in Sources */ = {isa = PBXBuildFile; fileRef = 18D8A03C292D6B7400C89F7F /* AppDelegate.swift */; };
		18D8A047292D6B7400C89F7F /* VideoToAudio.xcdatamodeld in Sources */ = {isa = PBXBuildFile; fileRef = 18D8A045292D6B7400C89F7F /* VideoToAudio.xcdatamodeld */; };
		18D8A049292D6B7500C89F7F /* Assets.xcassets in Resources */ = {isa = PBXBuildFile; fileRef = 18D8A048292D6B7500C89F7F /* Assets.xcassets */; };
		18D8A04C292D6B7500C89F7F /* LaunchScreen.storyboard in Resources */ = {isa = PBXBuildFile; fileRef = 18D8A04A292D6B7500C89F7F /* LaunchScreen.storyboard */; };
		3AE3859E993A54592A27D65A /* Pods_VideoToAudio.framework in Frameworks */ = {isa = PBXBuildFile; fileRef = AF65A0A35943415525F5B9D7 /* Pods_VideoToAudio.framework */; };
/* End PBXBuildFile section */

/* Begin PBXFileReference section */
		18A5871E2934D3C900D23CFC /* OnBoardingViewController.swift */ = {isa = PBXFileReference; lastKnownFileType = sourcecode.swift; path = OnBoardingViewController.swift; sourceTree = "<group>"; };
		18A5871F2934D3C900D23CFC /* OnBoardingViewController.xib */ = {isa = PBXFileReference; lastKnownFileType = file.xib; path = OnBoardingViewController.xib; sourceTree = "<group>"; };
		18A587242934D6AB00D23CFC /* UIView.swift */ = {isa = PBXFileReference; fileEncoding = 4; lastKnownFileType = sourcecode.swift; path = UIView.swift; sourceTree = "<group>"; };
		18A587252934D6AB00D23CFC /* DataManager.swift */ = {isa = PBXFileReference; fileEncoding = 4; lastKnownFileType = sourcecode.swift; path = DataManager.swift; sourceTree = "<group>"; };
		18A587262934D6AB00D23CFC /* Global.swift */ = {isa = PBXFileReference; fileEncoding = 4; lastKnownFileType = sourcecode.swift; path = Global.swift; sourceTree = "<group>"; };
		18A587272934D6AB00D23CFC /* BaseViewController.swift */ = {isa = PBXFileReference; fileEncoding = 4; lastKnownFileType = sourcecode.swift; path = BaseViewController.swift; sourceTree = "<group>"; };
		18A587282934D6AB00D23CFC /* HelperForCoreData.swift */ = {isa = PBXFileReference; fileEncoding = 4; lastKnownFileType = sourcecode.swift; path = HelperForCoreData.swift; sourceTree = "<group>"; };
		18A587292934D6AB00D23CFC /* Utility.swift */ = {isa = PBXFileReference; fileEncoding = 4; lastKnownFileType = sourcecode.swift; path = Utility.swift; sourceTree = "<group>"; };
		18A5872A2934D6AB00D23CFC /* ImagePickerVC.swift */ = {isa = PBXFileReference; fileEncoding = 4; lastKnownFileType = sourcecode.swift; path = ImagePickerVC.swift; sourceTree = "<group>"; };
		18A5872B2934D6AB00D23CFC /* Coordinator.swift */ = {isa = PBXFileReference; fileEncoding = 4; lastKnownFileType = sourcecode.swift; path = Coordinator.swift; sourceTree = "<group>"; };
		18D8A039292D6B7400C89F7F /* VideoToAudio.app */ = {isa = PBXFileReference; explicitFileType = wrapper.application; includeInIndex = 0; path = VideoToAudio.app; sourceTree = BUILT_PRODUCTS_DIR; };
		18D8A03C292D6B7400C89F7F /* AppDelegate.swift */ = {isa = PBXFileReference; lastKnownFileType = sourcecode.swift; path = AppDelegate.swift; sourceTree = "<group>"; };
		18D8A046292D6B7400C89F7F /* VideoToAudio.xcdatamodel */ = {isa = PBXFileReference; lastKnownFileType = wrapper.xcdatamodel; path = VideoToAudio.xcdatamodel; sourceTree = "<group>"; };
		18D8A048292D6B7500C89F7F /* Assets.xcassets */ = {isa = PBXFileReference; lastKnownFileType = folder.assetcatalog; path = Assets.xcassets; sourceTree = "<group>"; };
		18D8A04B292D6B7500C89F7F /* Base */ = {isa = PBXFileReference; lastKnownFileType = file.storyboard; name = Base; path = Base.lproj/LaunchScreen.storyboard; sourceTree = "<group>"; };
		18D8A04D292D6B7500C89F7F /* Info.plist */ = {isa = PBXFileReference; lastKnownFileType = text.plist.xml; path = Info.plist; sourceTree = "<group>"; };
		18D8A053292D6B9600C89F7F /* VideoToAudio.entitlements */ = {isa = PBXFileReference; lastKnownFileType = text.plist.entitlements; path = VideoToAudio.entitlements; sourceTree = "<group>"; };
		6AB5F8FC8858063B56070A24 /* Pods-VideoToAudio.debug.xcconfig */ = {isa = PBXFileReference; includeInIndex = 1; lastKnownFileType = text.xcconfig; name = "Pods-VideoToAudio.debug.xcconfig"; path = "Target Support Files/Pods-VideoToAudio/Pods-VideoToAudio.debug.xcconfig"; sourceTree = "<group>"; };
		AF65A0A35943415525F5B9D7 /* Pods_VideoToAudio.framework */ = {isa = PBXFileReference; explicitFileType = wrapper.framework; includeInIndex = 0; path = Pods_VideoToAudio.framework; sourceTree = BUILT_PRODUCTS_DIR; };
		E625579DFED1BD90935CCA64 /* Pods-VideoToAudio.release.xcconfig */ = {isa = PBXFileReference; includeInIndex = 1; lastKnownFileType = text.xcconfig; name = "Pods-VideoToAudio.release.xcconfig"; path = "Target Support Files/Pods-VideoToAudio/Pods-VideoToAudio.release.xcconfig"; sourceTree = "<group>"; };
/* End PBXFileReference section */

/* Begin PBXFrameworksBuildPhase section */
		18D8A036292D6B7300C89F7F /* Frameworks */ = {
			isa = PBXFrameworksBuildPhase;
			buildActionMask = 2147483647;
			files = (
				3AE3859E993A54592A27D65A /* Pods_VideoToAudio.framework in Frameworks */,
			);
			runOnlyForDeploymentPostprocessing = 0;
		};
/* End PBXFrameworksBuildPhase section */

/* Begin PBXGroup section */
		16653251B74A23C11B4E1D6A /* Pods */ = {
			isa = PBXGroup;
			children = (
				6AB5F8FC8858063B56070A24 /* Pods-VideoToAudio.debug.xcconfig */,
				E625579DFED1BD90935CCA64 /* Pods-VideoToAudio.release.xcconfig */,
			);
			path = Pods;
			sourceTree = "<group>";
		};
		18A587222934D67800D23CFC /* Controllers */ = {
			isa = PBXGroup;
			children = (
				18A5871E2934D3C900D23CFC /* OnBoardingViewController.swift */,
				18A5871F2934D3C900D23CFC /* OnBoardingViewController.xib */,
			);
			path = Controllers;
			sourceTree = "<group>";
		};
		18A587232934D6AB00D23CFC /* Extras */ = {
			isa = PBXGroup;
			children = (
				18A587242934D6AB00D23CFC /* UIView.swift */,
				18A587252934D6AB00D23CFC /* DataManager.swift */,
				18A587262934D6AB00D23CFC /* Global.swift */,
				18A587272934D6AB00D23CFC /* BaseViewController.swift */,
				18A587282934D6AB00D23CFC /* HelperForCoreData.swift */,
				18A587292934D6AB00D23CFC /* Utility.swift */,
				18A5872A2934D6AB00D23CFC /* ImagePickerVC.swift */,
				18A5872B2934D6AB00D23CFC /* Coordinator.swift */,
			);
			path = Extras;
			sourceTree = "<group>";
		};
		18D8A030292D6B7300C89F7F = {
			isa = PBXGroup;
			children = (
				18D8A03B292D6B7400C89F7F /* VideoToAudio */,
				18D8A03A292D6B7400C89F7F /* Products */,
				16653251B74A23C11B4E1D6A /* Pods */,
				C9D563D9641FFB318AC8698C /* Frameworks */,
			);
			sourceTree = "<group>";
		};
		18D8A03A292D6B7400C89F7F /* Products */ = {
			isa = PBXGroup;
			children = (
				18D8A039292D6B7400C89F7F /* VideoToAudio.app */,
			);
			name = Products;
			sourceTree = "<group>";
		};
		18D8A03B292D6B7400C89F7F /* VideoToAudio */ = {
			isa = PBXGroup;
			children = (
				18D8A03C292D6B7400C89F7F /* AppDelegate.swift */,
				18A587232934D6AB00D23CFC /* Extras */,
				18A587222934D67800D23CFC /* Controllers */,
				18D8A053292D6B9600C89F7F /* VideoToAudio.entitlements */,
				18D8A048292D6B7500C89F7F /* Assets.xcassets */,
				18D8A04A292D6B7500C89F7F /* LaunchScreen.storyboard */,
				18D8A04D292D6B7500C89F7F /* Info.plist */,
				18D8A045292D6B7400C89F7F /* VideoToAudio.xcdatamodeld */,
			);
			path = VideoToAudio;
			sourceTree = "<group>";
		};
		C9D563D9641FFB318AC8698C /* Frameworks */ = {
			isa = PBXGroup;
			children = (
				AF65A0A35943415525F5B9D7 /* Pods_VideoToAudio.framework */,
			);
			name = Frameworks;
			sourceTree = "<group>";
		};
/* End PBXGroup section */

/* Begin PBXNativeTarget section */
		18D8A038292D6B7300C89F7F /* VideoToAudio */ = {
			isa = PBXNativeTarget;
			buildConfigurationList = 18D8A050292D6B7500C89F7F /* Build configuration list for PBXNativeTarget "VideoToAudio" */;
			buildPhases = (
				CA7A7C3682748F7861669369 /* [CP] Check Pods Manifest.lock */,
				18D8A035292D6B7300C89F7F /* Sources */,
				18D8A036292D6B7300C89F7F /* Frameworks */,
				18D8A037292D6B7300C89F7F /* Resources */,
				9EED363584BB1AEF3E03ED4C /* [CP] Embed Pods Frameworks */,
				8966B47A4B623C999539A630 /* [CP] Copy Pods Resources */,
			);
			buildRules = (
			);
			dependencies = (
			);
			name = VideoToAudio;
			productName = VideoToAudio;
			productReference = 18D8A039292D6B7400C89F7F /* VideoToAudio.app */;
			productType = "com.apple.product-type.application";
		};
/* End PBXNativeTarget section */

/* Begin PBXProject section */
		18D8A031292D6B7300C89F7F /* Project object */ = {
			isa = PBXProject;
			attributes = {
				BuildIndependentTargetsInParallel = 1;
				LastSwiftUpdateCheck = 1410;
				LastUpgradeCheck = 1410;
				TargetAttributes = {
					18D8A038292D6B7300C89F7F = {
						CreatedOnToolsVersion = 14.1;
					};
				};
			};
			buildConfigurationList = 18D8A034292D6B7300C89F7F /* Build configuration list for PBXProject "VideoToAudio" */;
			compatibilityVersion = "Xcode 13.0";
			developmentRegion = en;
			hasScannedForEncodings = 0;
			knownRegions = (
				en,
				Base,
			);
			mainGroup = 18D8A030292D6B7300C89F7F;
			productRefGroup = 18D8A03A292D6B7400C89F7F /* Products */;
			projectDirPath = "";
			projectRoot = "";
			targets = (
				18D8A038292D6B7300C89F7F /* VideoToAudio */,
			);
		};
/* End PBXProject section */

/* Begin PBXResourcesBuildPhase section */
		18D8A037292D6B7300C89F7F /* Resources */ = {
			isa = PBXResourcesBuildPhase;
			buildActionMask = 2147483647;
			files = (
				18A587212934D3C900D23CFC /* OnBoardingViewController.xib in Resources */,
				18D8A04C292D6B7500C89F7F /* LaunchScreen.storyboard in Resources */,
				18D8A049292D6B7500C89F7F /* Assets.xcassets in Resources */,
			);
			runOnlyForDeploymentPostprocessing = 0;
		};
/* End PBXResourcesBuildPhase section */

/* Begin PBXShellScriptBuildPhase section */
		8966B47A4B623C999539A630 /* [CP] Copy Pods Resources */ = {
			isa = PBXShellScriptBuildPhase;
			buildActionMask = 2147483647;
			files = (
			);
			inputFileListPaths = (
				"${PODS_ROOT}/Target Support Files/Pods-VideoToAudio/Pods-VideoToAudio-resources-${CONFIGURATION}-input-files.xcfilelist",
			);
			name = "[CP] Copy Pods Resources";
			outputFileListPaths = (
				"${PODS_ROOT}/Target Support Files/Pods-VideoToAudio/Pods-VideoToAudio-resources-${CONFIGURATION}-output-files.xcfilelist",
			);
			runOnlyForDeploymentPostprocessing = 0;
			shellPath = /bin/sh;
			shellScript = "\"${PODS_ROOT}/Target Support Files/Pods-VideoToAudio/Pods-VideoToAudio-resources.sh\"\n";
			showEnvVarsInLog = 0;
		};
		9EED363584BB1AEF3E03ED4C /* [CP] Embed Pods Frameworks */ = {
			isa = PBXShellScriptBuildPhase;
			buildActionMask = 2147483647;
			files = (
			);
			inputFileListPaths = (
				"${PODS_ROOT}/Target Support Files/Pods-VideoToAudio/Pods-VideoToAudio-frameworks-${CONFIGURATION}-input-files.xcfilelist",
			);
			name = "[CP] Embed Pods Frameworks";
			outputFileListPaths = (
				"${PODS_ROOT}/Target Support Files/Pods-VideoToAudio/Pods-VideoToAudio-frameworks-${CONFIGURATION}-output-files.xcfilelist",
			);
			runOnlyForDeploymentPostprocessing = 0;
			shellPath = /bin/sh;
			shellScript = "\"${PODS_ROOT}/Target Support Files/Pods-VideoToAudio/Pods-VideoToAudio-frameworks.sh\"\n";
			showEnvVarsInLog = 0;
		};
		CA7A7C3682748F7861669369 /* [CP] Check Pods Manifest.lock */ = {
			isa = PBXShellScriptBuildPhase;
			buildActionMask = 2147483647;
			files = (
			);
			inputFileListPaths = (
			);
			inputPaths = (
				"${PODS_PODFILE_DIR_PATH}/Podfile.lock",
				"${PODS_ROOT}/Manifest.lock",
			);
			name = "[CP] Check Pods Manifest.lock";
			outputFileListPaths = (
			);
			outputPaths = (
				"$(DERIVED_FILE_DIR)/Pods-VideoToAudio-checkManifestLockResult.txt",
			);
			runOnlyForDeploymentPostprocessing = 0;
			shellPath = /bin/sh;
			shellScript = "diff \"${PODS_PODFILE_DIR_PATH}/Podfile.lock\" \"${PODS_ROOT}/Manifest.lock\" > /dev/null\nif [ $? != 0 ] ; then\n    # print error to STDERR\n    echo \"error: The sandbox is not in sync with the Podfile.lock. Run 'pod install' or update your CocoaPods installation.\" >&2\n    exit 1\nfi\n# This output is used by Xcode 'outputs' to avoid re-running this script phase.\necho \"SUCCESS\" > \"${SCRIPT_OUTPUT_FILE_0}\"\n";
			showEnvVarsInLog = 0;
		};
/* End PBXShellScriptBuildPhase section */

/* Begin PBXSourcesBuildPhase section */
		18D8A035292D6B7300C89F7F /* Sources */ = {
			isa = PBXSourcesBuildPhase;
			buildActionMask = 2147483647;
			files = (
				18A587312934D6AB00D23CFC /* Utility.swift in Sources */,
				18A5872C2934D6AB00D23CFC /* UIView.swift in Sources */,
				18A587302934D6AB00D23CFC /* HelperForCoreData.swift in Sources */,
				18A5872D2934D6AB00D23CFC /* DataManager.swift in Sources */,
				18D8A047292D6B7400C89F7F /* VideoToAudio.xcdatamodeld in Sources */,
				18D8A03D292D6B7400C89F7F /* AppDelegate.swift in Sources */,
				18A5872F2934D6AB00D23CFC /* BaseViewController.swift in Sources */,
				18A587332934D6AB00D23CFC /* Coordinator.swift in Sources */,
				18A587322934D6AB00D23CFC /* ImagePickerVC.swift in Sources */,
				18A587202934D3C900D23CFC /* OnBoardingViewController.swift in Sources */,
				18A5872E2934D6AB00D23CFC /* Global.swift in Sources */,
			);
			runOnlyForDeploymentPostprocessing = 0;
		};
/* End PBXSourcesBuildPhase section */

/* Begin PBXVariantGroup section */
		18D8A04A292D6B7500C89F7F /* LaunchScreen.storyboard */ = {
			isa = PBXVariantGroup;
			children = (
				18D8A04B292D6B7500C89F7F /* Base */,
			);
			name = LaunchScreen.storyboard;
			sourceTree = "<group>";
		};
/* End PBXVariantGroup section */

/* Begin XCBuildConfiguration section */
		18D8A04E292D6B7500C89F7F /* Debug */ = {
			isa = XCBuildConfiguration;
			buildSettings = {
				ALWAYS_SEARCH_USER_PATHS = NO;
				CLANG_ANALYZER_NONNULL = YES;
				CLANG_ANALYZER_NUMBER_OBJECT_CONVERSION = YES_AGGRESSIVE;
				CLANG_CXX_LANGUAGE_STANDARD = "gnu++20";
				CLANG_ENABLE_MODULES = YES;
				CLANG_ENABLE_OBJC_ARC = YES;
				CLANG_ENABLE_OBJC_WEAK = YES;
				CLANG_WARN_BLOCK_CAPTURE_AUTORELEASING = YES;
				CLANG_WARN_BOOL_CONVERSION = YES;
				CLANG_WARN_COMMA = YES;
				CLANG_WARN_CONSTANT_CONVERSION = YES;
				CLANG_WARN_DEPRECATED_OBJC_IMPLEMENTATIONS = YES;
				CLANG_WARN_DIRECT_OBJC_ISA_USAGE = YES_ERROR;
				CLANG_WARN_DOCUMENTATION_COMMENTS = YES;
				CLANG_WARN_EMPTY_BODY = YES;
				CLANG_WARN_ENUM_CONVERSION = YES;
				CLANG_WARN_INFINITE_RECURSION = YES;
				CLANG_WARN_INT_CONVERSION = YES;
				CLANG_WARN_NON_LITERAL_NULL_CONVERSION = YES;
				CLANG_WARN_OBJC_IMPLICIT_RETAIN_SELF = YES;
				CLANG_WARN_OBJC_LITERAL_CONVERSION = YES;
				CLANG_WARN_OBJC_ROOT_CLASS = YES_ERROR;
				CLANG_WARN_QUOTED_INCLUDE_IN_FRAMEWORK_HEADER = YES;
				CLANG_WARN_RANGE_LOOP_ANALYSIS = YES;
				CLANG_WARN_STRICT_PROTOTYPES = YES;
				CLANG_WARN_SUSPICIOUS_MOVE = YES;
				CLANG_WARN_UNGUARDED_AVAILABILITY = YES_AGGRESSIVE;
				CLANG_WARN_UNREACHABLE_CODE = YES;
				CLANG_WARN__DUPLICATE_METHOD_MATCH = YES;
				COPY_PHASE_STRIP = NO;
				DEBUG_INFORMATION_FORMAT = dwarf;
				ENABLE_STRICT_OBJC_MSGSEND = YES;
				ENABLE_TESTABILITY = YES;
				GCC_C_LANGUAGE_STANDARD = gnu11;
				GCC_DYNAMIC_NO_PIC = NO;
				GCC_NO_COMMON_BLOCKS = YES;
				GCC_OPTIMIZATION_LEVEL = 0;
				GCC_PREPROCESSOR_DEFINITIONS = (
					"DEBUG=1",
					"$(inherited)",
				);
				GCC_WARN_64_TO_32_BIT_CONVERSION = YES;
				GCC_WARN_ABOUT_RETURN_TYPE = YES_ERROR;
				GCC_WARN_UNDECLARED_SELECTOR = YES;
				GCC_WARN_UNINITIALIZED_AUTOS = YES_AGGRESSIVE;
				GCC_WARN_UNUSED_FUNCTION = YES;
				GCC_WARN_UNUSED_VARIABLE = YES;
				IPHONEOS_DEPLOYMENT_TARGET = 16.1;
				MTL_ENABLE_DEBUG_INFO = INCLUDE_SOURCE;
				MTL_FAST_MATH = YES;
				ONLY_ACTIVE_ARCH = YES;
				SDKROOT = iphoneos;
				SWIFT_ACTIVE_COMPILATION_CONDITIONS = DEBUG;
				SWIFT_OPTIMIZATION_LEVEL = "-Onone";
			};
			name = Debug;
		};
		18D8A04F292D6B7500C89F7F /* Release */ = {
			isa = XCBuildConfiguration;
			buildSettings = {
				ALWAYS_SEARCH_USER_PATHS = NO;
				CLANG_ANALYZER_NONNULL = YES;
				CLANG_ANALYZER_NUMBER_OBJECT_CONVERSION = YES_AGGRESSIVE;
				CLANG_CXX_LANGUAGE_STANDARD = "gnu++20";
				CLANG_ENABLE_MODULES = YES;
				CLANG_ENABLE_OBJC_ARC = YES;
				CLANG_ENABLE_OBJC_WEAK = YES;
				CLANG_WARN_BLOCK_CAPTURE_AUTORELEASING = YES;
				CLANG_WARN_BOOL_CONVERSION = YES;
				CLANG_WARN_COMMA = YES;
				CLANG_WARN_CONSTANT_CONVERSION = YES;
				CLANG_WARN_DEPRECATED_OBJC_IMPLEMENTATIONS = YES;
				CLANG_WARN_DIRECT_OBJC_ISA_USAGE = YES_ERROR;
				CLANG_WARN_DOCUMENTATION_COMMENTS = YES;
				CLANG_WARN_EMPTY_BODY = YES;
				CLANG_WARN_ENUM_CONVERSION = YES;
				CLANG_WARN_INFINITE_RECURSION = YES;
				CLANG_WARN_INT_CONVERSION = YES;
				CLANG_WARN_NON_LITERAL_NULL_CONVERSION = YES;
				CLANG_WARN_OBJC_IMPLICIT_RETAIN_SELF = YES;
				CLANG_WARN_OBJC_LITERAL_CONVERSION = YES;
				CLANG_WARN_OBJC_ROOT_CLASS = YES_ERROR;
				CLANG_WARN_QUOTED_INCLUDE_IN_FRAMEWORK_HEADER = YES;
				CLANG_WARN_RANGE_LOOP_ANALYSIS = YES;
				CLANG_WARN_STRICT_PROTOTYPES = YES;
				CLANG_WARN_SUSPICIOUS_MOVE = YES;
				CLANG_WARN_UNGUARDED_AVAILABILITY = YES_AGGRESSIVE;
				CLANG_WARN_UNREACHABLE_CODE = YES;
				CLANG_WARN__DUPLICATE_METHOD_MATCH = YES;
				COPY_PHASE_STRIP = NO;
				DEBUG_INFORMATION_FORMAT = "dwarf-with-dsym";
				ENABLE_NS_ASSERTIONS = NO;
				ENABLE_STRICT_OBJC_MSGSEND = YES;
				GCC_C_LANGUAGE_STANDARD = gnu11;
				GCC_NO_COMMON_BLOCKS = YES;
				GCC_WARN_64_TO_32_BIT_CONVERSION = YES;
				GCC_WARN_ABOUT_RETURN_TYPE = YES_ERROR;
				GCC_WARN_UNDECLARED_SELECTOR = YES;
				GCC_WARN_UNINITIALIZED_AUTOS = YES_AGGRESSIVE;
				GCC_WARN_UNUSED_FUNCTION = YES;
				GCC_WARN_UNUSED_VARIABLE = YES;
				IPHONEOS_DEPLOYMENT_TARGET = 16.1;
				MTL_ENABLE_DEBUG_INFO = NO;
				MTL_FAST_MATH = YES;
				SDKROOT = iphoneos;
				SWIFT_COMPILATION_MODE = wholemodule;
				SWIFT_OPTIMIZATION_LEVEL = "-O";
				VALIDATE_PRODUCT = YES;
			};
			name = Release;
		};
		18D8A051292D6B7500C89F7F /* Debug */ = {
			isa = XCBuildConfiguration;
			baseConfigurationReference = 6AB5F8FC8858063B56070A24 /* Pods-VideoToAudio.debug.xcconfig */;
			buildSettings = {
				ASSETCATALOG_COMPILER_APPICON_NAME = AppIcon;
				ASSETCATALOG_COMPILER_GLOBAL_ACCENT_COLOR_NAME = AccentColor;
				CODE_SIGN_ENTITLEMENTS = VideoToAudio/VideoToAudio.entitlements;
				CODE_SIGN_STYLE = Automatic;
				CURRENT_PROJECT_VERSION = 1;
				DEVELOPMENT_TEAM = U9K7P2S38S;
				GENERATE_INFOPLIST_FILE = YES;
				INFOPLIST_FILE = VideoToAudio/Info.plist;
				INFOPLIST_KEY_LSApplicationCategoryType = "public.app-category.utilities";
				INFOPLIST_KEY_UIApplicationSupportsIndirectInputEvents = YES;
				INFOPLIST_KEY_UILaunchStoryboardName = LaunchScreen.storyboard;
				INFOPLIST_KEY_UISupportedInterfaceOrientations = UIInterfaceOrientationPortrait;
				IPHONEOS_DEPLOYMENT_TARGET = 14.0;
				LD_RUNPATH_SEARCH_PATHS = (
					"$(inherited)",
					"@executable_path/Frameworks",
				);
				MARKETING_VERSION = 1.0;
				PRODUCT_BUNDLE_IDENTIFIER = com.standAlone.VideoToAudio;
				PRODUCT_NAME = "$(TARGET_NAME)";
				SWIFT_EMIT_LOC_STRINGS = YES;
				SWIFT_VERSION = 5.0;
				TARGETED_DEVICE_FAMILY = "1,2";
			};
			name = Debug;
		};
		18D8A052292D6B7500C89F7F /* Release */ = {
			isa = XCBuildConfiguration;
			baseConfigurationReference = E625579DFED1BD90935CCA64 /* Pods-VideoToAudio.release.xcconfig */;
			buildSettings = {
				ASSETCATALOG_COMPILER_APPICON_NAME = AppIcon;
				ASSETCATALOG_COMPILER_GLOBAL_ACCENT_COLOR_NAME = AccentColor;
				CODE_SIGN_ENTITLEMENTS = VideoToAudio/VideoToAudio.entitlements;
				CODE_SIGN_STYLE = Automatic;
				CURRENT_PROJECT_VERSION = 1;
				DEVELOPMENT_TEAM = U9K7P2S38S;
				GENERATE_INFOPLIST_FILE = YES;
				INFOPLIST_FILE = VideoToAudio/Info.plist;
				INFOPLIST_KEY_LSApplicationCategoryType = "public.app-category.utilities";
				INFOPLIST_KEY_UIApplicationSupportsIndirectInputEvents = YES;
				INFOPLIST_KEY_UILaunchStoryboardName = LaunchScreen.storyboard;
				INFOPLIST_KEY_UISupportedInterfaceOrientations = UIInterfaceOrientationPortrait;
				IPHONEOS_DEPLOYMENT_TARGET = 14.0;
				LD_RUNPATH_SEARCH_PATHS = (
					"$(inherited)",
					"@executable_path/Frameworks",
				);
				MARKETING_VERSION = 1.0;
				PRODUCT_BUNDLE_IDENTIFIER = com.standAlone.VideoToAudio;
				PRODUCT_NAME = "$(TARGET_NAME)";
				SWIFT_EMIT_LOC_STRINGS = YES;
				SWIFT_VERSION = 5.0;
				TARGETED_DEVICE_FAMILY = "1,2";
			};
			name = Release;
		};
/* End XCBuildConfiguration section */

/* Begin XCConfigurationList section */
		18D8A034292D6B7300C89F7F /* Build configuration list for PBXProject "VideoToAudio" */ = {
			isa = XCConfigurationList;
			buildConfigurations = (
				18D8A04E292D6B7500C89F7F /* Debug */,
				18D8A04F292D6B7500C89F7F /* Release */,
			);
			defaultConfigurationIsVisible = 0;
			defaultConfigurationName = Release;
		};
		18D8A050292D6B7500C89F7F /* Build configuration list for PBXNativeTarget "VideoToAudio" */ = {
			isa = XCConfigurationList;
			buildConfigurations = (
				18D8A051292D6B7500C89F7F /* Debug */,
				18D8A052292D6B7500C89F7F /* Release */,
			);
			defaultConfigurationIsVisible = 0;
			defaultConfigurationName = Release;
		};
/* End XCConfigurationList section */

/* Begin XCVersionGroup section */
		18D8A045292D6B7400C89F7F /* VideoToAudio.xcdatamodeld */ = {
			isa = XCVersionGroup;
			children = (
				18D8A046292D6B7400C89F7F /* VideoToAudio.xcdatamodel */,
			);
			currentVersion = 18D8A046292D6B7400C89F7F /* VideoToAudio.xcdatamodel */;
			path = VideoToAudio.xcdatamodeld;
			sourceTree = "<group>";
			versionGroupType = wrapper.xcdatamodel;
		};
/* End XCVersionGroup section */
	};
	rootObject = 18D8A031292D6B7300C89F7F /* Project object */;
}
